
Microsoft Visual Studio Solution File, Format Version 12.00
# Visual Studio Version 17
VisualStudioVersion = 17.6.33815.320
MinimumVisualStudioVersion = 10.0.40219.1
Project("{FAE04EC0-301F-11D3-BF4B-00C04F79EFBC}") = "Inventory", "Inventory\Inventory.csproj", "{BF981739-28CD-4E14-BB46-F46CDE3BDF43}"
EndProject
Global
	GlobalSection(SolutionConfigurationPlatforms) = preSolution
		Debug|Any CPU = Debug|Any CPU
		Release|Any CPU = Release|Any CPU
	EndGlobalSection
	GlobalSection(ProjectConfigurationPlatforms) = postSolution
		{BF981739-28CD-4E14-BB46-F46CDE3BDF43}.Debug|Any CPU.ActiveCfg = Debug|Any CPU
		{BF981739-28CD-4E14-BB46-F46CDE3BDF43}.Debug|Any CPU.Build.0 = Debug|Any CPU
		{BF981739-28CD-4E14-BB46-F46CDE3BDF43}.Release|Any CPU.ActiveCfg = Release|Any CPU
		{BF981739-28CD-4E14-BB46-F46CDE3BDF43}.Release|Any CPU.Build.0 = Release|Any CPU
	EndGlobalSection
	GlobalSection(SolutionProperties) = preSolution
		HideSolutionNode = FALSE
	EndGlobalSection
	GlobalSection(ExtensibilityGlobals) = postSolution
		SolutionGuid = {1CEAEF01-0C9C-4AEC-8ABE-A0A31F7492F8}
	EndGlobalSection
EndGlobal
